
Microsoft Visual Studio Solution File, Format Version 12.00
# Visual Studio Version 17
VisualStudioVersion = 17.7.34221.43
MinimumVisualStudioVersion = 10.0.40219.1
Project("{FAE04EC0-301F-11D3-BF4B-00C04F79EFBC}") = "RezervasyonSistemi", "RezervasyonSistemi\RezervasyonSistemi.csproj", "{5DB311D7-16B0-4AF4-BAE1-EAFE921D7040}"
EndProject
Global
	GlobalSection(SolutionConfigurationPlatforms) = preSolution
		Debug|Any CPU = Debug|Any CPU
		Release|Any CPU = Release|Any CPU
	EndGlobalSection
	GlobalSection(ProjectConfigurationPlatforms) = postSolution
		{5DB311D7-16B0-4AF4-BAE1-EAFE921D7040}.Debug|Any CPU.ActiveCfg = Debug|Any CPU
		{5DB311D7-16B0-4AF4-BAE1-EAFE921D7040}.Debug|Any CPU.Build.0 = Debug|Any CPU
		{5DB311D7-16B0-4AF4-BAE1-EAFE921D7040}.Release|Any CPU.ActiveCfg = Release|Any CPU
		{5DB311D7-16B0-4AF4-BAE1-EAFE921D7040}.Release|Any CPU.Build.0 = Release|Any CPU
	EndGlobalSection
	GlobalSection(SolutionProperties) = preSolution
		HideSolutionNode = FALSE
	EndGlobalSection
	GlobalSection(ExtensibilityGlobals) = postSolution
		SolutionGuid = {F45C5233-8093-4F32-9D74-7C9C4128F35F}
	EndGlobalSection
EndGlobal
